
Microsoft Visual Studio Solution File, Format Version 12.00
# Visual Studio 15
VisualStudioVersion = 15.0.28010.2046
MinimumVisualStudioVersion = 10.0.40219.1
Project("{FAE04EC0-301F-11D3-BF4B-00C04F79EFBC}") = "API", "API\API.csproj", "{9BD8BB1C-BB82-40E4-9B7C-FDAA0D47252A}"
EndProject
Project("{FAE04EC0-301F-11D3-BF4B-00C04F79EFBC}") = "WebApp", "WebApp\WebApp.csproj", "{8B2C0AD1-332D-461E-A659-3646D9295919}"
EndProject
Project("{FAE04EC0-301F-11D3-BF4B-00C04F79EFBC}") = "WebAppMVC", "WebAppMVC\WebAppMVC.csproj", "{B7810FB1-0669-4D03-A47C-CE84206E0C4B}"
EndProject
Global
	GlobalSection(SolutionConfigurationPlatforms) = preSolution
		Debug|Any CPU = Debug|Any CPU
		Release|Any CPU = Release|Any CPU
	EndGlobalSection
	GlobalSection(ProjectConfigurationPlatforms) = postSolution
		{9BD8BB1C-BB82-40E4-9B7C-FDAA0D47252A}.Debug|Any CPU.ActiveCfg = Debug|Any CPU
		{9BD8BB1C-BB82-40E4-9B7C-FDAA0D47252A}.Debug|Any CPU.Build.0 = Debug|Any CPU
		{9BD8BB1C-BB82-40E4-9B7C-FDAA0D47252A}.Release|Any CPU.ActiveCfg = Release|Any CPU
		{9BD8BB1C-BB82-40E4-9B7C-FDAA0D47252A}.Release|Any CPU.Build.0 = Release|Any CPU
		{8B2C0AD1-332D-461E-A659-3646D9295919}.Debug|Any CPU.ActiveCfg = Debug|Any CPU
		{8B2C0AD1-332D-461E-A659-3646D9295919}.Debug|Any CPU.Build.0 = Debug|Any CPU
		{8B2C0AD1-332D-461E-A659-3646D9295919}.Release|Any CPU.ActiveCfg = Release|Any CPU
		{8B2C0AD1-332D-461E-A659-3646D9295919}.Release|Any CPU.Build.0 = Release|Any CPU
		{B7810FB1-0669-4D03-A47C-CE84206E0C4B}.Debug|Any CPU.ActiveCfg = Debug|Any CPU
		{B7810FB1-0669-4D03-A47C-CE84206E0C4B}.Debug|Any CPU.Build.0 = Debug|Any CPU
		{B7810FB1-0669-4D03-A47C-CE84206E0C4B}.Release|Any CPU.ActiveCfg = Release|Any CPU
		{B7810FB1-0669-4D03-A47C-CE84206E0C4B}.Release|Any CPU.Build.0 = Release|Any CPU
	EndGlobalSection
	GlobalSection(SolutionProperties) = preSolution
		HideSolutionNode = FALSE
	EndGlobalSection
	GlobalSection(ExtensibilityGlobals) = postSolution
		SolutionGuid = {34F99C2B-3EA5-46F5-ACEA-A7DDA8CF019D}
	EndGlobalSection
EndGlobal
